
Microsoft Visual Studio Solution File, Format Version 12.00
# Visual Studio Version 16
VisualStudioVersion = 25.0.1704.5
MinimumVisualStudioVersion = 10.0.40219.1
Project("{FAE04EC0-301F-11D3-BF4B-00C04F79EFBC}") = "Tic-Tac-Toe", "Tic-Tac-Toe\Tic-Tac-Toe.csproj", "{7EC8905C-2911-421F-8646-96DDBF0DDD14}"
EndProject
Global
	GlobalSection(SolutionConfigurationPlatforms) = preSolution
		Debug|Any CPU = Debug|Any CPU
		Release|Any CPU = Release|Any CPU
	EndGlobalSection
	GlobalSection(ProjectConfigurationPlatforms) = postSolution
		{7EC8905C-2911-421F-8646-96DDBF0DDD14}.Debug|Any CPU.ActiveCfg = Debug|Any CPU
		{7EC8905C-2911-421F-8646-96DDBF0DDD14}.Debug|Any CPU.Build.0 = Debug|Any CPU
		{7EC8905C-2911-421F-8646-96DDBF0DDD14}.Release|Any CPU.ActiveCfg = Release|Any CPU
		{7EC8905C-2911-421F-8646-96DDBF0DDD14}.Release|Any CPU.Build.0 = Release|Any CPU
	EndGlobalSection
	GlobalSection(SolutionProperties) = preSolution
		HideSolutionNode = FALSE
	EndGlobalSection
	GlobalSection(ExtensibilityGlobals) = postSolution
		SolutionGuid = {7E054BD9-A338-496B-B022-DC2B18B003DC}
	EndGlobalSection
EndGlobal
